
Microsoft Visual Studio Solution File, Format Version 12.00
# Visual Studio Version 16
VisualStudioVersion = 16.0.30330.147
MinimumVisualStudioVersion = 10.0.40219.1
Project("{FAE04EC0-301F-11D3-BF4B-00C04F79EFBC}") = "SetNoModelo", "SetNoModelo\SetNoModelo.csproj", "{F7EDC719-A2C9-4BE6-8F6C-00DE4415B9CA}"
EndProject
Global
	GlobalSection(SolutionConfigurationPlatforms) = preSolution
		Debug|Any CPU = Debug|Any CPU
		Release|Any CPU = Release|Any CPU
	EndGlobalSection
	GlobalSection(ProjectConfigurationPlatforms) = postSolution
		{F7EDC719-A2C9-4BE6-8F6C-00DE4415B9CA}.Debug|Any CPU.ActiveCfg = Debug|Any CPU
		{F7EDC719-A2C9-4BE6-8F6C-00DE4415B9CA}.Debug|Any CPU.Build.0 = Debug|Any CPU
		{F7EDC719-A2C9-4BE6-8F6C-00DE4415B9CA}.Release|Any CPU.ActiveCfg = Release|Any CPU
		{F7EDC719-A2C9-4BE6-8F6C-00DE4415B9CA}.Release|Any CPU.Build.0 = Release|Any CPU
	EndGlobalSection
	GlobalSection(SolutionProperties) = preSolution
		HideSolutionNode = FALSE
	EndGlobalSection
	GlobalSection(ExtensibilityGlobals) = postSolution
		SolutionGuid = {36A614B1-3D3B-4C1F-B98E-4B3FE8BB8B7B}
	EndGlobalSection
EndGlobal
