
Microsoft Visual Studio Solution File, Format Version 12.00
# Visual Studio Version 16
VisualStudioVersion = 16.0.30330.147
MinimumVisualStudioVersion = 10.0.40219.1
Project("{FAE04EC0-301F-11D3-BF4B-00C04F79EFBC}") = "OPoderDosSets", "OPoderDosSets\OPoderDosSets.csproj", "{64DAAB6B-2A59-4ACF-973A-86923F5CD975}"
EndProject
Global
	GlobalSection(SolutionConfigurationPlatforms) = preSolution
		Debug|Any CPU = Debug|Any CPU
		Release|Any CPU = Release|Any CPU
	EndGlobalSection
	GlobalSection(ProjectConfigurationPlatforms) = postSolution
		{64DAAB6B-2A59-4ACF-973A-86923F5CD975}.Debug|Any CPU.ActiveCfg = Debug|Any CPU
		{64DAAB6B-2A59-4ACF-973A-86923F5CD975}.Debug|Any CPU.Build.0 = Debug|Any CPU
		{64DAAB6B-2A59-4ACF-973A-86923F5CD975}.Release|Any CPU.ActiveCfg = Release|Any CPU
		{64DAAB6B-2A59-4ACF-973A-86923F5CD975}.Release|Any CPU.Build.0 = Release|Any CPU
	EndGlobalSection
	GlobalSection(SolutionProperties) = preSolution
		HideSolutionNode = FALSE
	EndGlobalSection
	GlobalSection(ExtensibilityGlobals) = postSolution
		SolutionGuid = {4DD9DB3C-D82B-447E-AC76-0B0281D1595E}
	EndGlobalSection
EndGlobal
